
Microsoft Visual Studio Solution File, Format Version 12.00
# Visual Studio Version 16
VisualStudioVersion = 16.0.32802.440
MinimumVisualStudioVersion = 10.0.40219.1
Project("{FAE04EC0-301F-11D3-BF4B-00C04F79EFBC}") = "SeleniumCSharpNetCore", "SeleniumCSharpNetCore.csproj", "{17AA944A-F517-49DF-AF00-3775973822ED}"
EndProject
Global
	GlobalSection(SolutionConfigurationPlatforms) = preSolution
		Debug|Any CPU = Debug|Any CPU
		Release|Any CPU = Release|Any CPU
	EndGlobalSection
	GlobalSection(ProjectConfigurationPlatforms) = postSolution
		{17AA944A-F517-49DF-AF00-3775973822ED}.Debug|Any CPU.ActiveCfg = Debug|Any CPU
		{17AA944A-F517-49DF-AF00-3775973822ED}.Debug|Any CPU.Build.0 = Debug|Any CPU
		{17AA944A-F517-49DF-AF00-3775973822ED}.Release|Any CPU.ActiveCfg = Release|Any CPU
		{17AA944A-F517-49DF-AF00-3775973822ED}.Release|Any CPU.Build.0 = Release|Any CPU
	EndGlobalSection
	GlobalSection(SolutionProperties) = preSolution
		HideSolutionNode = FALSE
	EndGlobalSection
	GlobalSection(ExtensibilityGlobals) = postSolution
		SolutionGuid = {53F768E7-2625-48B1-B6DD-4D322DF7AF96}
	EndGlobalSection
EndGlobal
